<<<<<<< HEAD
﻿
Microsoft Visual Studio Solution File, Format Version 12.00
# Visual Studio Version 17
VisualStudioVersion = 17.11.35312.102
MinimumVisualStudioVersion = 10.0.40219.1
Project("{FAE04EC0-301F-11D3-BF4B-00C04F79EFBC}") = "indexerTask", "indexerTask\indexerTask.csproj", "{903678C3-27B7-4812-8D35-3D9B50A6371E}"
EndProject
Global
	GlobalSection(SolutionConfigurationPlatforms) = preSolution
		Debug|Any CPU = Debug|Any CPU
		Release|Any CPU = Release|Any CPU
	EndGlobalSection
	GlobalSection(ProjectConfigurationPlatforms) = postSolution
		{903678C3-27B7-4812-8D35-3D9B50A6371E}.Debug|Any CPU.ActiveCfg = Debug|Any CPU
		{903678C3-27B7-4812-8D35-3D9B50A6371E}.Debug|Any CPU.Build.0 = Debug|Any CPU
		{903678C3-27B7-4812-8D35-3D9B50A6371E}.Release|Any CPU.ActiveCfg = Release|Any CPU
		{903678C3-27B7-4812-8D35-3D9B50A6371E}.Release|Any CPU.Build.0 = Release|Any CPU
	EndGlobalSection
	GlobalSection(SolutionProperties) = preSolution
		HideSolutionNode = FALSE
	EndGlobalSection
	GlobalSection(ExtensibilityGlobals) = postSolution
		SolutionGuid = {DF6BB6B8-6C28-4321-B5AF-313EE3DD0696}
	EndGlobalSection
EndGlobal
=======
﻿
Microsoft Visual Studio Solution File, Format Version 12.00
# Visual Studio Version 17
VisualStudioVersion = 17.11.35312.102
MinimumVisualStudioVersion = 10.0.40219.1
Project("{FAE04EC0-301F-11D3-BF4B-00C04F79EFBC}") = "indexerTask", "indexerTask\indexerTask.csproj", "{903678C3-27B7-4812-8D35-3D9B50A6371E}"
EndProject
Global
	GlobalSection(SolutionConfigurationPlatforms) = preSolution
		Debug|Any CPU = Debug|Any CPU
		Release|Any CPU = Release|Any CPU
	EndGlobalSection
	GlobalSection(ProjectConfigurationPlatforms) = postSolution
		{903678C3-27B7-4812-8D35-3D9B50A6371E}.Debug|Any CPU.ActiveCfg = Debug|Any CPU
		{903678C3-27B7-4812-8D35-3D9B50A6371E}.Debug|Any CPU.Build.0 = Debug|Any CPU
		{903678C3-27B7-4812-8D35-3D9B50A6371E}.Release|Any CPU.ActiveCfg = Release|Any CPU
		{903678C3-27B7-4812-8D35-3D9B50A6371E}.Release|Any CPU.Build.0 = Release|Any CPU
	EndGlobalSection
	GlobalSection(SolutionProperties) = preSolution
		HideSolutionNode = FALSE
	EndGlobalSection
	GlobalSection(ExtensibilityGlobals) = postSolution
		SolutionGuid = {DF6BB6B8-6C28-4321-B5AF-313EE3DD0696}
	EndGlobalSection
EndGlobal
>>>>>>> aad39f3a6407d40fd1e38c7eb5cc4a967fa737f8
